
Microsoft Visual Studio Solution File, Format Version 12.00
# Visual Studio 14
VisualStudioVersion = 14.0.25420.1
MinimumVisualStudioVersion = 10.0.40219.1
Project("{FAE04EC0-301F-11D3-BF4B-00C04F79EFBC}") = "test0829_RefOut", "test0829_RefOut\test0829_RefOut.csproj", "{1C3E8EFE-4BA4-4365-B288-D792EF774E2F}"
EndProject
Global
	GlobalSection(SolutionConfigurationPlatforms) = preSolution
		Debug|Any CPU = Debug|Any CPU
		Release|Any CPU = Release|Any CPU
	EndGlobalSection
	GlobalSection(ProjectConfigurationPlatforms) = postSolution
		{1C3E8EFE-4BA4-4365-B288-D792EF774E2F}.Debug|Any CPU.ActiveCfg = Debug|Any CPU
		{1C3E8EFE-4BA4-4365-B288-D792EF774E2F}.Debug|Any CPU.Build.0 = Debug|Any CPU
		{1C3E8EFE-4BA4-4365-B288-D792EF774E2F}.Release|Any CPU.ActiveCfg = Release|Any CPU
		{1C3E8EFE-4BA4-4365-B288-D792EF774E2F}.Release|Any CPU.Build.0 = Release|Any CPU
	EndGlobalSection
	GlobalSection(SolutionProperties) = preSolution
		HideSolutionNode = FALSE
	EndGlobalSection
EndGlobal
